
Microsoft Visual Studio Solution File, Format Version 12.00
# Visual Studio Version 17
VisualStudioVersion = 17.10.35013.160
MinimumVisualStudioVersion = 10.0.40219.1
Project("{8BC9CEB8-8B4A-11D0-8D11-00A0C91BC942}") = "my_first_try", "my_first_try.vcxproj", "{9716613D-C644-48D3-85DC-BC71D6F7C472}"
EndProject
Global
	GlobalSection(SolutionConfigurationPlatforms) = preSolution
		Debug|x64 = Debug|x64
		Debug|x86 = Debug|x86
		Release|x64 = Release|x64
		Release|x86 = Release|x86
	EndGlobalSection
	GlobalSection(ProjectConfigurationPlatforms) = postSolution
		{9716613D-C644-48D3-85DC-BC71D6F7C472}.Debug|x64.ActiveCfg = Debug|x64
		{9716613D-C644-48D3-85DC-BC71D6F7C472}.Debug|x64.Build.0 = Debug|x64
		{9716613D-C644-48D3-85DC-BC71D6F7C472}.Debug|x86.ActiveCfg = Debug|Win32
		{9716613D-C644-48D3-85DC-BC71D6F7C472}.Debug|x86.Build.0 = Debug|Win32
		{9716613D-C644-48D3-85DC-BC71D6F7C472}.Release|x64.ActiveCfg = Release|x64
		{9716613D-C644-48D3-85DC-BC71D6F7C472}.Release|x64.Build.0 = Release|x64
		{9716613D-C644-48D3-85DC-BC71D6F7C472}.Release|x86.ActiveCfg = Release|Win32
		{9716613D-C644-48D3-85DC-BC71D6F7C472}.Release|x86.Build.0 = Release|Win32
	EndGlobalSection
	GlobalSection(SolutionProperties) = preSolution
		HideSolutionNode = FALSE
	EndGlobalSection
	GlobalSection(ExtensibilityGlobals) = postSolution
		SolutionGuid = {F30DCE75-58FC-463D-B113-5A5EEB3255B9}
	EndGlobalSection
EndGlobal
