
Microsoft Visual Studio Solution File, Format Version 12.00
# Visual Studio Version 17
VisualStudioVersion = 17.10.35013.160
MinimumVisualStudioVersion = 10.0.40219.1
Project("{8BC9CEB8-8B4A-11D0-8D11-00A0C91BC942}") = "进阶二叉树", "进阶二叉树.vcxproj", "{D8E59E4D-053E-4DB8-83B1-F39099E91583}"
EndProject
Global
	GlobalSection(SolutionConfigurationPlatforms) = preSolution
		Debug|x64 = Debug|x64
		Debug|x86 = Debug|x86
		Release|x64 = Release|x64
		Release|x86 = Release|x86
	EndGlobalSection
	GlobalSection(ProjectConfigurationPlatforms) = postSolution
		{D8E59E4D-053E-4DB8-83B1-F39099E91583}.Debug|x64.ActiveCfg = Debug|x64
		{D8E59E4D-053E-4DB8-83B1-F39099E91583}.Debug|x64.Build.0 = Debug|x64
		{D8E59E4D-053E-4DB8-83B1-F39099E91583}.Debug|x86.ActiveCfg = Debug|Win32
		{D8E59E4D-053E-4DB8-83B1-F39099E91583}.Debug|x86.Build.0 = Debug|Win32
		{D8E59E4D-053E-4DB8-83B1-F39099E91583}.Release|x64.ActiveCfg = Release|x64
		{D8E59E4D-053E-4DB8-83B1-F39099E91583}.Release|x64.Build.0 = Release|x64
		{D8E59E4D-053E-4DB8-83B1-F39099E91583}.Release|x86.ActiveCfg = Release|Win32
		{D8E59E4D-053E-4DB8-83B1-F39099E91583}.Release|x86.Build.0 = Release|Win32
	EndGlobalSection
	GlobalSection(SolutionProperties) = preSolution
		HideSolutionNode = FALSE
	EndGlobalSection
	GlobalSection(ExtensibilityGlobals) = postSolution
		SolutionGuid = {CDD071FF-C01E-4BEE-A70F-0657100470F5}
	EndGlobalSection
EndGlobal
