
Microsoft Visual Studio Solution File, Format Version 12.00
# Visual Studio Version 17
VisualStudioVersion = 17.10.35013.160
MinimumVisualStudioVersion = 10.0.40219.1
Project("{8BC9CEB8-8B4A-11D0-8D11-00A0C91BC942}") = "数据结构4--栈和队列", "数据结构4--栈和队列.vcxproj", "{3A9C0A75-B20D-4D38-85EF-A040331D3907}"
EndProject
Global
	GlobalSection(SolutionConfigurationPlatforms) = preSolution
		Debug|x64 = Debug|x64
		Debug|x86 = Debug|x86
		Release|x64 = Release|x64
		Release|x86 = Release|x86
	EndGlobalSection
	GlobalSection(ProjectConfigurationPlatforms) = postSolution
		{3A9C0A75-B20D-4D38-85EF-A040331D3907}.Debug|x64.ActiveCfg = Debug|x64
		{3A9C0A75-B20D-4D38-85EF-A040331D3907}.Debug|x64.Build.0 = Debug|x64
		{3A9C0A75-B20D-4D38-85EF-A040331D3907}.Debug|x86.ActiveCfg = Debug|Win32
		{3A9C0A75-B20D-4D38-85EF-A040331D3907}.Debug|x86.Build.0 = Debug|Win32
		{3A9C0A75-B20D-4D38-85EF-A040331D3907}.Release|x64.ActiveCfg = Release|x64
		{3A9C0A75-B20D-4D38-85EF-A040331D3907}.Release|x64.Build.0 = Release|x64
		{3A9C0A75-B20D-4D38-85EF-A040331D3907}.Release|x86.ActiveCfg = Release|Win32
		{3A9C0A75-B20D-4D38-85EF-A040331D3907}.Release|x86.Build.0 = Release|Win32
	EndGlobalSection
	GlobalSection(SolutionProperties) = preSolution
		HideSolutionNode = FALSE
	EndGlobalSection
	GlobalSection(ExtensibilityGlobals) = postSolution
		SolutionGuid = {2CD0402E-479D-4CAA-9F5F-7930BFE02073}
	EndGlobalSection
EndGlobal
